
Microsoft Visual Studio Solution File, Format Version 12.00
# Visual Studio Version 16
VisualStudioVersion = 16.0.31515.178
MinimumVisualStudioVersion = 10.0.40219.1
Project("{FAE04EC0-301F-11D3-BF4B-00C04F79EFBC}") = "fontsizegen", "fontsizegen\fontsizegen.csproj", "{E9A5559B-C92C-4BE8-BAE3-7DA71C5C0026}"
EndProject
Global
	GlobalSection(SolutionConfigurationPlatforms) = preSolution
		Debug|Any CPU = Debug|Any CPU
		Release|Any CPU = Release|Any CPU
	EndGlobalSection
	GlobalSection(ProjectConfigurationPlatforms) = postSolution
		{E9A5559B-C92C-4BE8-BAE3-7DA71C5C0026}.Debug|Any CPU.ActiveCfg = Debug|Any CPU
		{E9A5559B-C92C-4BE8-BAE3-7DA71C5C0026}.Debug|Any CPU.Build.0 = Debug|Any CPU
		{E9A5559B-C92C-4BE8-BAE3-7DA71C5C0026}.Release|Any CPU.ActiveCfg = Release|Any CPU
		{E9A5559B-C92C-4BE8-BAE3-7DA71C5C0026}.Release|Any CPU.Build.0 = Release|Any CPU
	EndGlobalSection
	GlobalSection(SolutionProperties) = preSolution
		HideSolutionNode = FALSE
	EndGlobalSection
	GlobalSection(ExtensibilityGlobals) = postSolution
		SolutionGuid = {1A8E3377-E0B7-479B-A999-551FDD927935}
	EndGlobalSection
EndGlobal
